
Microsoft Visual Studio Solution File, Format Version 12.00
# Visual Studio Version 16
VisualStudioVersion = 16.0.31129.286
MinimumVisualStudioVersion = 10.0.40219.1
Project("{FAE04EC0-301F-11D3-BF4B-00C04F79EFBC}") = "LybovProject", "LybovProject\LybovProject.csproj", "{624C7C2A-4BAC-46B0-8ECE-5FB28E49EA12}"
EndProject
Global
	GlobalSection(SolutionConfigurationPlatforms) = preSolution
		Debug|Any CPU = Debug|Any CPU
		Release|Any CPU = Release|Any CPU
	EndGlobalSection
	GlobalSection(ProjectConfigurationPlatforms) = postSolution
		{624C7C2A-4BAC-46B0-8ECE-5FB28E49EA12}.Debug|Any CPU.ActiveCfg = Debug|Any CPU
		{624C7C2A-4BAC-46B0-8ECE-5FB28E49EA12}.Debug|Any CPU.Build.0 = Debug|Any CPU
		{624C7C2A-4BAC-46B0-8ECE-5FB28E49EA12}.Release|Any CPU.ActiveCfg = Release|Any CPU
		{624C7C2A-4BAC-46B0-8ECE-5FB28E49EA12}.Release|Any CPU.Build.0 = Release|Any CPU
	EndGlobalSection
	GlobalSection(SolutionProperties) = preSolution
		HideSolutionNode = FALSE
	EndGlobalSection
	GlobalSection(ExtensibilityGlobals) = postSolution
		SolutionGuid = {04A09EF8-7CC0-4FC1-BCFC-9104CC531772}
	EndGlobalSection
EndGlobal
